
Microsoft Visual Studio Solution File, Format Version 12.00
# Visual Studio Version 16
VisualStudioVersion = 16.0.31729.503
MinimumVisualStudioVersion = 10.0.40219.1
Project("{FAE04EC0-301F-11D3-BF4B-00C04F79EFBC}") = "Teste-FOR", "Teste-FOR\Teste-FOR.csproj", "{C79917FC-91BE-42A8-9124-0B50BDC2543D}"
EndProject
Global
	GlobalSection(SolutionConfigurationPlatforms) = preSolution
		Debug|Any CPU = Debug|Any CPU
		Release|Any CPU = Release|Any CPU
	EndGlobalSection
	GlobalSection(ProjectConfigurationPlatforms) = postSolution
		{C79917FC-91BE-42A8-9124-0B50BDC2543D}.Debug|Any CPU.ActiveCfg = Debug|Any CPU
		{C79917FC-91BE-42A8-9124-0B50BDC2543D}.Debug|Any CPU.Build.0 = Debug|Any CPU
		{C79917FC-91BE-42A8-9124-0B50BDC2543D}.Release|Any CPU.ActiveCfg = Release|Any CPU
		{C79917FC-91BE-42A8-9124-0B50BDC2543D}.Release|Any CPU.Build.0 = Release|Any CPU
	EndGlobalSection
	GlobalSection(SolutionProperties) = preSolution
		HideSolutionNode = FALSE
	EndGlobalSection
	GlobalSection(ExtensibilityGlobals) = postSolution
		SolutionGuid = {EABB7E1A-98E8-4D10-9BDE-248AD00A2DFF}
	EndGlobalSection
EndGlobal
